{
    "_meta": {
        "hash": {
            "sha256": "f510dee9fe81e33cf11c070d4ad7084fd270429982641c23453efb76eb3f9a8f"
        },
        "pipfile-spec": 6,
        "requires": {
            "python_version": "3.9"
        },
        "sources": [
            {
                "name": "pypi",
                "url": "https://pypi.org/simple",
                "verify_ssl": true
            }
        ]
    },
    "default": {
        "argparse": {
            "hashes": [
                "sha256:62b089a55be1d8949cd2bc7e0df0bddb9e028faefc8c32038cc84862aefdd6e4",
                "sha256:c31647edb69fd3d465a847ea3157d37bed1f95f19760b11a47aa91c04b666314"
            ],
            "index": "pypi",
            "version": "==1.4.0"
        },
        "cftime": {
            "hashes": [
                "sha256:00aef598f14faa77e48518728bd0cead585e45da89be5f7eae7be8f41c10b401",
                "sha256:01d40598c8e551202911f5126cdff52b816fdc8316f8a88f798b81fc1a8b55bf",
                "sha256:041c7f9f620ac5465fbaf4eb6570e4f286535e55e56ac4a34cfcfb3e853d4093",
                "sha256:0ee1d1f9ff4e9f54700dd02d8d707a383bd9dad5c5de9c566372caba071982d5",
                "sha256:39bc35a0c05db5f24aeef384af2119a9f0820791617e198d06bd9dba50218fa9",
                "sha256:3c8389df99216bf184141f11b84ba00b414177c92618bc4ee1297376163a20d5",
                "sha256:3d6af9e713b911baed904fbc4ebeec7ca44f5970971f1c5e86a34cba82fe98e9",
                "sha256:511215f45ed7cc79ead84020e88e1fc476b8aba71b47d2fcdef8e65242406927",
                "sha256:54c2533f6069cda87bd641fb6df28542238679896a5231006d0de00afbdf3edf",
                "sha256:646991eb76a9906a023ec982714a04d8b4e06346ea5836ea8c30350dccca079c",
                "sha256:67a2a9a6a7bb799b6d171239ea809e70b572c37eeda6053b04401088e6e83bed",
                "sha256:6842d4d37377e1aca392cee4feb0e9f05d36264db08ca2cccd2c3d168487d981",
                "sha256:688b2c54e5cb17e5cb55f799df093c5d3d4974feee8e1e7224c9ac40de2580e2",
                "sha256:7c0724249912efa3708c265181e880ae80d90c68849aede5ce26ae7649c9e87d",
                "sha256:8b1d2becda38027398894836c979467d6649e090a050db8c353461d9537273bb",
                "sha256:8dfe2cf7b75a6541a54e0f25665bed5240f4c0cf5d233f81d53b4b5c55dd1c6d",
                "sha256:93e32bee6cf67488661a7a2a73ede4c089902ef40f6d20312474351c52aa10c7",
                "sha256:b0c192eca13faf932bbc30ad6b19878c816fe228fb84803e30873f2a5e7bd500",
                "sha256:b46f9139aa23d6ebff01dff6970dc5476293287bc6ba473ce64542ff20607bfe",
                "sha256:c130f78e5d7eeb8c625192848075a8a8bb92595d07ad5b4cb95b007011d78e5a",
                "sha256:cdf27919b88a089c72266992ce31de80ed52b334a892e1ce0853ddf82d2a636b",
                "sha256:db836dd53a56fc177d4e1e792fb94306592b8e21dc0c2d671c7a10058081e341",
                "sha256:e57381585d421b2fdbb9369d7cc53f8442152d3c7b415bda210cb575366d7480",
                "sha256:f3eb51592e03c9b5d4328eae7a40c7c063725b071e037ddf813a5d68f6a5cb6e",
                "sha256:f5eb773cd21e2a8a492834cf0afd586a41b757807f53b845257a0a7419c17538",
                "sha256:fb8c2e40b74708e20e3ab13e6273f33143037b7d16349c604e1091d2e8175275",
                "sha256:fdb23b1a75e7efb86858c8ff6ab6744558009d8127e5543df9df543036504d21"
            ],
            "markers": "python_version >= '3.7'",
            "version": "==1.6.1"
        },
        "click": {
            "hashes": [
                "sha256:7682dc8afb30297001674575ea00d1814d808d6a36af415a82bd481d37ba7b8e",
                "sha256:bb4d8133cb15a609f44e8213d9b391b0809795062913b383c62be0ee95b1db48"
            ],
            "index": "pypi",
            "version": "==8.1.3"
        },
        "dataclasses": {
            "hashes": [
                "sha256:454a69d788c7fda44efd71e259be79577822f5e3f53f029a22d08004e951dc9f",
                "sha256:6988bd2b895eef432d562370bb707d540f32f7360ab13da45340101bc2307d84"
            ],
            "index": "pypi",
            "version": "==0.6"
        },
        "datetime": {
            "hashes": [
                "sha256:65416160ff35a564c6cca67ce0c5cd1816eee4e8a2fb324556939689d0a9ee41",
                "sha256:ec9894c438cdd54dc31578b1b43c79b11f8111dbeb066e372548a0a78a3bec46"
            ],
            "index": "pypi",
            "version": "==4.5"
        },
        "et-xmlfile": {
            "hashes": [
                "sha256:8eb9e2bc2f8c97e37a2dc85a09ecdcdec9d8a396530a6d5a33b30b9a92da0c5c",
                "sha256:a2ba85d1d6a74ef63837eed693bcb89c3f752169b0e3e7ae5b16ca5e1b3deada"
            ],
            "markers": "python_version >= '3.6'",
            "version": "==1.1.0"
        },
        "netcdf4": {
            "hashes": [
                "sha256:018bda7badd7dd1c228d3edf1fab46c228333678d3b60e79d8a83caeffd90577",
                "sha256:01af66cf480c6b1d2ac04a0c91a87bb20d01ef13377fa4b91e9d54b13255d5c1",
                "sha256:134661e230c12676431b78f3acf5d20df73e16648f9c27edb32ef98a7df49f06",
                "sha256:35cad527a95c3afd202df07e2909186283619c39d6102e048f511e454ce2a5e7",
                "sha256:396266a4e91dc26006cb19e6d132bb22de320e52da2ba62ed81ed6791538834b",
                "sha256:46ea2de93f66cdb06989dba9c2d4bfb66890d1095497bcd33b496f4f15d3dcfe",
                "sha256:47ec9525a5f2b9e8c89994363c52d66feb70dda0ba470a1d89d56c553361d1b4",
                "sha256:5b834b2f035cf6323f605b7d40dca501bc666825d58514313bb9f92c64d09ea3",
                "sha256:680d4e7079721789d6d2e88b245c6ee37838774c4241ee0406dbba6959fbd3c8",
                "sha256:7aea5661b2288d3ff13796ad94e35de9282004b38b79b4ea145210d0f0fb694f",
                "sha256:7f6cb8de2907c041689e9b08b8a73d1d242c2e77f9f30c9ffe096bd589740b71",
                "sha256:821c2962d9861236a88f150a1d1532a4a368ac4def302f6f8f4af89f818fe410",
                "sha256:885c6a5e953afe4e6f929f3de2ab92caa1933c394bac70dd38c948a994065f6d",
                "sha256:8cb157bf7a0ffaab2ad2a7f7ccb824d91c30ded5196eae39fba90e806d9800e3",
                "sha256:8d4dbfe759c27a1186bd21537e57761959995c783b5140944b20ebad259ac62f",
                "sha256:95efa373d9a3e1cd0df7193e76e6680d9eca28e60097ca8139afea8a4346ba63",
                "sha256:98d716a63a147961948a35cd383f2d723855d63cb15cf5b827b3f8f2bf269820",
                "sha256:9afbd3e22e6ffeb6e2d51c8de17debbfa4e0ce04aa31850c13accf41ad4a6637",
                "sha256:ab83d3ce100a5cbdb631ae572c01f0e19d1f3cfae9cc2ead0490cfea941875e5",
                "sha256:b4b8cfa01b77feab961109edeb4474c9b65f88d5f375cac293b6ebaa2d5e8b7f",
                "sha256:c30715f5a41ac974ff848b282f9d55a7c5127cfeade00019b099312236bec529",
                "sha256:c36f744d68c985ca1613d1e55d56fc8bd24df4e1d3cfb3e9f7ee3c3263ea60a2",
                "sha256:d0eaa08997eb33c70c255909052b6f45388ef863602e064ae04e7d347ca4cb98",
                "sha256:d4428c9e02a1f3d53fb9acc81e38117d9d7626ecb79fae7060095497ce7b11fe",
                "sha256:d8df3d61d3f4e850fe94d14fa86e4a67ebf3dbee73bc8ae35bc5c6881d430a91",
                "sha256:e055e1e7dcd62b3369786d6be80de5603f4f76a20408e6939695ed8340c5a5b3",
                "sha256:e3d02c8a171091a8b86064dd95db583e0edec7447eba639e7a0eddb608d9fdc6",
                "sha256:f21b657de01be678ecf321678c9b8bc73da1e070181a40a5916547e02cd1037d",
                "sha256:f4f0646c04c2836e28fe915d950375a784aa8d89696529a7e53a7fe85999e0b8",
                "sha256:f6ccd91a523d923a7d76f137db9cf86b1d180ef8ff948b468768671941063ca0"
            ],
            "index": "pypi",
            "version": "==1.6.0"
        },
        "numpy": {
            "hashes": [
                "sha256:17e5226674f6ea79e14e3b91bfbc153fdf3ac13f5cc54ee7bc8fdbe820a32da0",
                "sha256:2bd879d3ca4b6f39b7770829f73278b7c5e248c91d538aab1e506c628353e47f",
                "sha256:4f41f5bf20d9a521f8cab3a34557cd77b6f205ab2116651f12959714494268b0",
                "sha256:5593f67e66dea4e237f5af998d31a43e447786b2154ba1ad833676c788f37cde",
                "sha256:5e28cd64624dc2354a349152599e55308eb6ca95a13ce6a7d5679ebff2962913",
                "sha256:633679a472934b1c20a12ed0c9a6c9eb167fbb4cb89031939bfd03dd9dbc62b8",
                "sha256:806970e69106556d1dd200e26647e9bee5e2b3f1814f9da104a943e8d548ca38",
                "sha256:806cc25d5c43e240db709875e947076b2826f47c2c340a5a2f36da5bb10c58d6",
                "sha256:8247f01c4721479e482cc2f9f7d973f3f47810cbc8c65e38fd1bbd3141cc9842",
                "sha256:8ebf7e194b89bc66b78475bd3624d92980fca4e5bb86dda08d677d786fefc414",
                "sha256:8ecb818231afe5f0f568c81f12ce50f2b828ff2b27487520d85eb44c71313b9e",
                "sha256:8f9d84a24889ebb4c641a9b99e54adb8cab50972f0166a3abc14c3b93163f074",
                "sha256:909c56c4d4341ec8315291a105169d8aae732cfb4c250fbc375a1efb7a844f8f",
                "sha256:9b83d48e464f393d46e8dd8171687394d39bc5abfe2978896b77dc2604e8635d",
                "sha256:ac987b35df8c2a2eab495ee206658117e9ce867acf3ccb376a19e83070e69418",
                "sha256:b78d00e48261fbbd04aa0d7427cf78d18401ee0abd89c7559bbf422e5b1c7d01",
                "sha256:b8b97a8a87cadcd3f94659b4ef6ec056261fa1e1c3317f4193ac231d4df70215",
                "sha256:bd5b7ccae24e3d8501ee5563e82febc1771e73bd268eef82a1e8d2b4d556ae66",
                "sha256:bdc02c0235b261925102b1bd586579b7158e9d0d07ecb61148a1799214a4afd5",
                "sha256:be6b350dfbc7f708d9d853663772a9310783ea58f6035eec649fb9c4371b5389",
                "sha256:c403c81bb8ffb1c993d0165a11493fd4bf1353d258f6997b3ee288b0a48fce77",
                "sha256:cf8c6aed12a935abf2e290860af8e77b26a042eb7f2582ff83dc7ed5f963340c",
                "sha256:d98addfd3c8728ee8b2c49126f3c44c703e2b005d4a95998e2167af176a9e722",
                "sha256:dc76bca1ca98f4b122114435f83f1fcf3c0fe48e4e6f660e07996abf2f53903c",
                "sha256:dec198619b7dbd6db58603cd256e092bcadef22a796f778bf87f8592b468441d",
                "sha256:df28dda02c9328e122661f399f7655cdcbcf22ea42daa3650a26bce08a187450",
                "sha256:e603ca1fb47b913942f3e660a15e55a9ebca906857edfea476ae5f0fe9b457d5",
                "sha256:ecfdd68d334a6b97472ed032b5b37a30d8217c097acfff15e8452c710e775524"
            ],
            "index": "pypi",
            "version": "==1.23.2"
        },
        "openpyxl": {
            "hashes": [
                "sha256:0ab6d25d01799f97a9464630abacbb34aafecdcaa0ef3cba6d6b3499867d0355",
                "sha256:e47805627aebcf860edb4edf7987b1309c1b3632f3750538ed962bbcc3bd7449"
            ],
            "index": "pypi",
            "version": "==3.0.10"
        },
        "packaging": {
            "hashes": [
                "sha256:dd47c42927d89ab911e606518907cc2d3a1f38bbd026385970643f9c5b8ecfeb",
                "sha256:ef103e05f519cdc783ae24ea4e2e0f508a9c99b2d4969652eed6a2e1ea5bd522"
            ],
            "markers": "python_version >= '3.6'",
            "version": "==21.3"
        },
        "pandas": {
            "hashes": [
                "sha256:07238a58d7cbc8a004855ade7b75bbd22c0db4b0ffccc721556bab8a095515f6",
                "sha256:0daf876dba6c622154b2e6741f29e87161f844e64f84801554f879d27ba63c0d",
                "sha256:16ad23db55efcc93fa878f7837267973b61ea85d244fc5ff0ccbcfa5638706c5",
                "sha256:1d9382f72a4f0e93909feece6fef5500e838ce1c355a581b3d8f259839f2ea76",
                "sha256:24ea75f47bbd5574675dae21d51779a4948715416413b30614c1e8b480909f81",
                "sha256:2893e923472a5e090c2d5e8db83e8f907364ec048572084c7d10ef93546be6d1",
                "sha256:2ff7788468e75917574f080cd4681b27e1a7bf36461fe968b49a87b5a54d007c",
                "sha256:41fc406e374590a3d492325b889a2686b31e7a7780bec83db2512988550dadbf",
                "sha256:48350592665ea3cbcd07efc8c12ff12d89be09cd47231c7925e3b8afada9d50d",
                "sha256:605d572126eb4ab2eadf5c59d5d69f0608df2bf7bcad5c5880a47a20a0699e3e",
                "sha256:6dfbf16b1ea4f4d0ee11084d9c026340514d1d30270eaa82a9f1297b6c8ecbf0",
                "sha256:6f803320c9da732cc79210d7e8cc5c8019aad512589c910c66529eb1b1818230",
                "sha256:721a3dd2f06ef942f83a819c0f3f6a648b2830b191a72bbe9451bcd49c3bd42e",
                "sha256:755679c49460bd0d2f837ab99f0a26948e68fa0718b7e42afbabd074d945bf84",
                "sha256:78b00429161ccb0da252229bcda8010b445c4bf924e721265bec5a6e96a92e92",
                "sha256:958a0588149190c22cdebbc0797e01972950c927a11a900fe6c2296f207b1d6f",
                "sha256:a3924692160e3d847e18702bb048dc38e0e13411d2b503fecb1adf0fcf950ba4",
                "sha256:d51674ed8e2551ef7773820ef5dab9322be0828629f2cbf8d1fc31a0c4fed640",
                "sha256:d5ebc990bd34f4ac3c73a2724c2dcc9ee7bf1ce6cf08e87bb25c6ad33507e318",
                "sha256:d6c0106415ff1a10c326c49bc5dd9ea8b9897a6ca0c8688eb9c30ddec49535ef",
                "sha256:e48fbb64165cda451c06a0f9e4c7a16b534fcabd32546d531b3c240ce2844112"
            ],
            "markers": "python_version >= '3.8'",
            "version": "==1.4.3"
        },
        "pathlib": {
            "hashes": [
                "sha256:6940718dfc3eff4258203ad5021090933e5c04707d5ca8cc9e73c94a7894ea9f",
                "sha256:f35f95ab8b0f59e6d354090350b44a80a80635d22efdedfa84c7ad1cf0a74147"
            ],
            "index": "pypi",
            "version": "==1.0.1"
        },
        "pyparsing": {
            "hashes": [
                "sha256:2b020ecf7d21b687f219b71ecad3631f644a47f01403fa1d1036b0c6416d70fb",
                "sha256:5026bae9a10eeaefb61dab2f09052b9f4307d44aee4eda64b309723d8d206bbc"
            ],
            "markers": "python_full_version >= '3.6.8'",
            "version": "==3.0.9"
        },
        "python-dateutil": {
            "hashes": [
                "sha256:0123cacc1627ae19ddf3c27a5de5bd67ee4586fbdd6440d9748f8abb483d3e86",
                "sha256:961d03dc3453ebbc59dbdea9e4e11c5651520a876d0f4db161e8674aae935da9"
            ],
            "markers": "python_version >= '2.7' and python_version not in '3.0, 3.1, 3.2, 3.3'",
            "version": "==2.8.2"
        },
        "pytz": {
            "hashes": [
                "sha256:220f481bdafa09c3955dfbdddb7b57780e9a94f5127e35456a48589b9e0c0197",
                "sha256:cea221417204f2d1a2aa03ddae3e867921971d0d76f14d87abb4414415bbdcf5"
            ],
            "version": "==2022.2.1"
        },
        "setuptools": {
            "hashes": [
                "sha256:101bf15ca723beef42c8db91a761f3748d4d697e17fae904db60c0b619d8d094",
                "sha256:39275e7aafa4a4f0f4308f2302c6ee384dcdacdbaacc1e30dcbb6fd824c625bb"
            ],
            "markers": "python_version >= '3.7'",
            "version": "==65.0.2"
        },
        "shapely": {
            "hashes": [
                "sha256:00ef33f12b1457bd3593da9e5f3ea2f2c3156d43fa93bda143d69370c3fe2880",
                "sha256:06a48662b5dc22d0be1306286b589bfbed2515d735f2ca1f1c93ed614e95d27f",
                "sha256:193e3a165ae34240869a6f25acada5331c301eb42d0e7314bbf206294fd1663f",
                "sha256:1ce9da186d48efc50130af96d62ffb4d2e175235143d804ef395aad156d45bb3",
                "sha256:1d0b91bc876266d7243a61c0e4575efd804e955851c58cc08d3406304767298e",
                "sha256:249409d73623b79e549b0e40a7b24eb6144c07d181411e1551af453c5c4ddfb5",
                "sha256:284b7d51b3c5de5c2672a8094b21e2ab7e05b68731c0525814266cd02d3cc517",
                "sha256:2abf47e94382d47e75746c2a8744c061b8ceaea39279c5cda78c02347fd891c8",
                "sha256:2d0d5e6fb45a245cb3dbd6a1a29e4cf5b7fb1461010a976e91cc05386fd16a01",
                "sha256:386add5cc173dde2bed1e4b14008bfe29822cb528c2243677d272a5a86a6b3cc",
                "sha256:4a4d608e6a4523bb08b7f5e7815f21c5683ea773af9642d61dfe7ec033d6dce9",
                "sha256:4e4ae56ce3c774302ae3d4c67a061b8786f3709cef8321d9b8554adf40578d39",
                "sha256:4f19d5ddd7ac9cb1ca125e54ee01a7c9456ef357158f7a3632d8fd202cb8a0e9",
                "sha256:57b23ea2b51e58fd19508f73398b5b46db07719543e6836dd30b2da3efa88e1c",
                "sha256:5e154847b7ba20d0a592101760a37b6742033433acbe14410b5d170a1ebda630",
                "sha256:62953e3863d3332b847d5ea4a1be8a664d3ace6a234b76aff59c127282de1fe4",
                "sha256:661fc1008bd093532802501fe00f974ab1fda44da8572c036675ed0df0b5bce0",
                "sha256:6d57ea35d4e6851cd619fb344fb9e99e27f6cfd7e253de4d34581f647dbdff3d",
                "sha256:73f1d1032dbca99f48710f5c4553f2ef0962f64ca214ea1737711e71dcdb16ea",
                "sha256:8b3def5b57ff4b44adb0cb1fce8eed6a11e7b1be058f1db0cd7fea6774d1878d",
                "sha256:8c539bf3128b7c90dda645dfefa242e8438b9097831a1a70c623a533e4e63476",
                "sha256:93335508fd37235cf1848ae3d4e872db098f80602304b48e3550f39c2a2ce275",
                "sha256:98aa7731e953ed360e99fa5dfcc5d5a6839c27a7e276a87fb76a67fa8bad8d57",
                "sha256:9f4dc39c96f912d06f0110bc155077b0eb81cd3510b6c404904ce60a8133a2fb",
                "sha256:ab43aee210b760a116dcbb31e651ae14877fe95f4eacba2655a7844b2d5e1c84",
                "sha256:b76ada0996b0ec7a342ec702c8ec617c9ffa2083713b6b33e772cf759e2e42c3",
                "sha256:c759afa287fac3021256f3e96fa9b119610680ecb64f0cd6155445d1c19d70d1",
                "sha256:cd0b27adc5931a44e96264e4a976bc62e0f8efa4bfe296ee8ea47320ceee7020",
                "sha256:e3c0fcfa1d7d89ff3518b7377058b2860311dbf6a9058bb529e04c8f0a5cc873",
                "sha256:ebd29bacb4fac45eb8d906608eab9cda8abfc4287503419eebb20f32f6660ac1",
                "sha256:f7fedc245dbc87597d08d517fc122f7d603d4ca911290a2b003a07be780a7eef"
            ],
            "index": "pypi",
            "version": "==1.8.3"
        },
        "six": {
            "hashes": [
                "sha256:1e61c37477a1626458e36f7b1d82aa5c9b094fa4802892072e49de9c60c4c926",
                "sha256:8abb2f1d86890a2dfb989f9a77cfcfd3e47c2a354b01111771326f8aa26e0254"
            ],
            "markers": "python_version >= '2.7' and python_version not in '3.0, 3.1, 3.2, 3.3'",
            "version": "==1.16.0"
        },
        "typing": {
            "hashes": [
                "sha256:1187fb9c82fd670d10aa07bbb6cfcfe4bdda42d6fab8d5134f04e8c4d0b71cc9",
                "sha256:283d868f5071ab9ad873e5e52268d611e851c870a2ba354193026f2dfb29d8b5"
            ],
            "index": "pypi",
            "version": "==3.7.4.3"
        },
        "xarray": {
            "hashes": [
                "sha256:1028d198493f66bb15bd35dcfdd11defd831cbee3af6589fff16f41bddd67e84",
                "sha256:c052208afc3f261984049f28b962d64eb6741a7967898315642f5da85448b6b0"
            ],
            "index": "pypi",
            "version": "==2022.6.0"
        },
        "zope.interface": {
            "hashes": [
                "sha256:08f9636e99a9d5410181ba0729e0408d3d8748026ea938f3b970a0249daa8192",
                "sha256:0b465ae0962d49c68aa9733ba92a001b2a0933c317780435f00be7ecb959c702",
                "sha256:0cba8477e300d64a11a9789ed40ee8932b59f9ee05f85276dbb4b59acee5dd09",
                "sha256:0cee5187b60ed26d56eb2960136288ce91bcf61e2a9405660d271d1f122a69a4",
                "sha256:0ea1d73b7c9dcbc5080bb8aaffb776f1c68e807767069b9ccdd06f27a161914a",
                "sha256:0f91b5b948686659a8e28b728ff5e74b1be6bf40cb04704453617e5f1e945ef3",
                "sha256:15e7d1f7a6ee16572e21e3576d2012b2778cbacf75eb4b7400be37455f5ca8bf",
                "sha256:17776ecd3a1fdd2b2cd5373e5ef8b307162f581c693575ec62e7c5399d80794c",
                "sha256:194d0bcb1374ac3e1e023961610dc8f2c78a0f5f634d0c737691e215569e640d",
                "sha256:1c0e316c9add0db48a5b703833881351444398b04111188069a26a61cfb4df78",
                "sha256:205e40ccde0f37496904572035deea747390a8b7dc65146d30b96e2dd1359a83",
                "sha256:273f158fabc5ea33cbc936da0ab3d4ba80ede5351babc4f577d768e057651531",
                "sha256:2876246527c91e101184f63ccd1d716ec9c46519cc5f3d5375a3351c46467c46",
                "sha256:2c98384b254b37ce50eddd55db8d381a5c53b4c10ee66e1e7fe749824f894021",
                "sha256:2e5a26f16503be6c826abca904e45f1a44ff275fdb7e9d1b75c10671c26f8b94",
                "sha256:334701327f37c47fa628fc8b8d28c7d7730ce7daaf4bda1efb741679c2b087fc",
                "sha256:3748fac0d0f6a304e674955ab1365d515993b3a0a865e16a11ec9d86fb307f63",
                "sha256:3c02411a3b62668200910090a0dff17c0b25aaa36145082a5a6adf08fa281e54",
                "sha256:3dd4952748521205697bc2802e4afac5ed4b02909bb799ba1fe239f77fd4e117",
                "sha256:3f24df7124c323fceb53ff6168da70dbfbae1442b4f3da439cd441681f54fe25",
                "sha256:469e2407e0fe9880ac690a3666f03eb4c3c444411a5a5fddfdabc5d184a79f05",
                "sha256:4de4bc9b6d35c5af65b454d3e9bc98c50eb3960d5a3762c9438df57427134b8e",
                "sha256:5208ebd5152e040640518a77827bdfcc73773a15a33d6644015b763b9c9febc1",
                "sha256:52de7fc6c21b419078008f697fd4103dbc763288b1406b4562554bd47514c004",
                "sha256:5bb3489b4558e49ad2c5118137cfeaf59434f9737fa9c5deefc72d22c23822e2",
                "sha256:5dba5f530fec3f0988d83b78cc591b58c0b6eb8431a85edd1569a0539a8a5a0e",
                "sha256:5dd9ca406499444f4c8299f803d4a14edf7890ecc595c8b1c7115c2342cadc5f",
                "sha256:5f931a1c21dfa7a9c573ec1f50a31135ccce84e32507c54e1ea404894c5eb96f",
                "sha256:63b82bb63de7c821428d513607e84c6d97d58afd1fe2eb645030bdc185440120",
                "sha256:66c0061c91b3b9cf542131148ef7ecbecb2690d48d1612ec386de9d36766058f",
                "sha256:6f0c02cbb9691b7c91d5009108f975f8ffeab5dff8f26d62e21c493060eff2a1",
                "sha256:71aace0c42d53abe6fc7f726c5d3b60d90f3c5c055a447950ad6ea9cec2e37d9",
                "sha256:7d97a4306898b05404a0dcdc32d9709b7d8832c0c542b861d9a826301719794e",
                "sha256:7df1e1c05304f26faa49fa752a8c690126cf98b40b91d54e6e9cc3b7d6ffe8b7",
                "sha256:8270252effc60b9642b423189a2fe90eb6b59e87cbee54549db3f5562ff8d1b8",
                "sha256:867a5ad16892bf20e6c4ea2aab1971f45645ff3102ad29bd84c86027fa99997b",
                "sha256:877473e675fdcc113c138813a5dd440da0769a2d81f4d86614e5d62b69497155",
                "sha256:8892f89999ffd992208754851e5a052f6b5db70a1e3f7d54b17c5211e37a98c7",
                "sha256:9a9845c4c6bb56e508651f005c4aeb0404e518c6f000d5a1123ab077ab769f5c",
                "sha256:a1e6e96217a0f72e2b8629e271e1b280c6fa3fe6e59fa8f6701bec14e3354325",
                "sha256:a8156e6a7f5e2a0ff0c5b21d6bcb45145efece1909efcbbbf48c56f8da68221d",
                "sha256:a9506a7e80bcf6eacfff7f804c0ad5350c8c95b9010e4356a4b36f5322f09abb",
                "sha256:af310ec8335016b5e52cae60cda4a4f2a60a788cbb949a4fbea13d441aa5a09e",
                "sha256:b0297b1e05fd128d26cc2460c810d42e205d16d76799526dfa8c8ccd50e74959",
                "sha256:bf68f4b2b6683e52bec69273562df15af352e5ed25d1b6641e7efddc5951d1a7",
                "sha256:d0c1bc2fa9a7285719e5678584f6b92572a5b639d0e471bb8d4b650a1a910920",
                "sha256:d4d9d6c1a455d4babd320203b918ccc7fcbefe308615c521062bc2ba1aa4d26e",
                "sha256:db1fa631737dab9fa0b37f3979d8d2631e348c3b4e8325d6873c2541d0ae5a48",
                "sha256:dd93ea5c0c7f3e25335ab7d22a507b1dc43976e1345508f845efc573d3d779d8",
                "sha256:f44e517131a98f7a76696a7b21b164bcb85291cee106a23beccce454e1f433a4",
                "sha256:f7ee479e96f7ee350db1cf24afa5685a5899e2b34992fb99e1f7c1b0b758d263"
            ],
            "markers": "python_version >= '2.7' and python_version not in '3.0, 3.1, 3.2, 3.3, 3.4'",
            "version": "==5.4.0"
        }
    },
    "develop": {}
}
